
Microsoft Visual Studio Solution File, Format Version 12.00
# Visual Studio Version 17
VisualStudioVersion = 17.3.32901.215
MinimumVisualStudioVersion = 10.0.40219.1
Project("{8BC9CEB8-8B4A-11D0-8D11-00A0C91BC942}") = "HTTPServer", "HTTPServer\HTTPServer.vcxproj", "{1606D71D-05FE-3018-A6B4-F6A5DE38DC44}"
EndProject
Project("{8BC9CEB8-8B4A-11D0-8D11-00A0C91BC942}") = "HttpServiceState", "HttpServiceState\HttpServiceState.vcxproj", "{7451A70C-B2B1-3CB8-A28E-49047CB275E1}"
EndProject
Global
	GlobalSection(SolutionConfigurationPlatforms) = preSolution
		Debug|x64 = Debug|x64
		Debug|x86 = Debug|x86
		Release|x64 = Release|x64
		Release|x86 = Release|x86
	EndGlobalSection
	GlobalSection(ProjectConfigurationPlatforms) = postSolution
		{1606D71D-05FE-3018-A6B4-F6A5DE38DC44}.Debug|x64.ActiveCfg = Release|x64
		{1606D71D-05FE-3018-A6B4-F6A5DE38DC44}.Debug|x64.Build.0 = Release|x64
		{1606D71D-05FE-3018-A6B4-F6A5DE38DC44}.Debug|x86.ActiveCfg = Release|Win32
		{1606D71D-05FE-3018-A6B4-F6A5DE38DC44}.Debug|x86.Build.0 = Release|Win32
		{1606D71D-05FE-3018-A6B4-F6A5DE38DC44}.Release|x64.ActiveCfg = Release|x64
		{1606D71D-05FE-3018-A6B4-F6A5DE38DC44}.Release|x64.Build.0 = Release|x64
		{1606D71D-05FE-3018-A6B4-F6A5DE38DC44}.Release|x86.ActiveCfg = Release|Win32
		{1606D71D-05FE-3018-A6B4-F6A5DE38DC44}.Release|x86.Build.0 = Release|Win32
		{7451A70C-B2B1-3CB8-A28E-49047CB275E1}.Debug|x64.ActiveCfg = Release|x64
		{7451A70C-B2B1-3CB8-A28E-49047CB275E1}.Debug|x64.Build.0 = Release|x64
		{7451A70C-B2B1-3CB8-A28E-49047CB275E1}.Debug|x86.ActiveCfg = Release|Win32
		{7451A70C-B2B1-3CB8-A28E-49047CB275E1}.Debug|x86.Build.0 = Release|Win32
		{7451A70C-B2B1-3CB8-A28E-49047CB275E1}.Release|x64.ActiveCfg = Release|x64
		{7451A70C-B2B1-3CB8-A28E-49047CB275E1}.Release|x64.Build.0 = Release|x64
		{7451A70C-B2B1-3CB8-A28E-49047CB275E1}.Release|x86.ActiveCfg = Release|Win32
		{7451A70C-B2B1-3CB8-A28E-49047CB275E1}.Release|x86.Build.0 = Release|Win32
	EndGlobalSection
	GlobalSection(SolutionProperties) = preSolution
		HideSolutionNode = FALSE
	EndGlobalSection
	GlobalSection(ExtensibilityGlobals) = postSolution
		SolutionGuid = {28566A5E-52BA-40DC-93A2-1AA07336D504}
	EndGlobalSection
EndGlobal
